
Microsoft Visual Studio Solution File, Format Version 12.00
# Visual Studio Version 17
VisualStudioVersion = 17.6.33829.357
MinimumVisualStudioVersion = 10.0.40219.1
Project("{9A19103F-16F7-4668-BE54-9A1E7A4F7556}") = "ValvePak", "ValvePak\ValvePak.csproj", "{4BD929FD-8581-44D7-870D-919E566B3C10}"
EndProject
Project("{9A19103F-16F7-4668-BE54-9A1E7A4F7556}") = "ValvePak.Test", "ValvePak.Test\ValvePak.Test.csproj", "{C9112A44-85FF-43A8-BB73-C9CF583CC5F8}"
EndProject
Global
	GlobalSection(SolutionConfigurationPlatforms) = preSolution
		Debug|Any CPU = Debug|Any CPU
		Release|Any CPU = Release|Any CPU
	EndGlobalSection
	GlobalSection(ProjectConfigurationPlatforms) = postSolution
		{4BD929FD-8581-44D7-870D-919E566B3C10}.Debug|Any CPU.ActiveCfg = Debug|Any CPU
		{4BD929FD-8581-44D7-870D-919E566B3C10}.Debug|Any CPU.Build.0 = Debug|Any CPU
		{4BD929FD-8581-44D7-870D-919E566B3C10}.Release|Any CPU.ActiveCfg = Release|Any CPU
		{4BD929FD-8581-44D7-870D-919E566B3C10}.Release|Any CPU.Build.0 = Release|Any CPU
		{C9112A44-85FF-43A8-BB73-C9CF583CC5F8}.Debug|Any CPU.ActiveCfg = Debug|Any CPU
		{C9112A44-85FF-43A8-BB73-C9CF583CC5F8}.Debug|Any CPU.Build.0 = Debug|Any CPU
		{C9112A44-85FF-43A8-BB73-C9CF583CC5F8}.Release|Any CPU.ActiveCfg = Release|Any CPU
		{C9112A44-85FF-43A8-BB73-C9CF583CC5F8}.Release|Any CPU.Build.0 = Release|Any CPU
	EndGlobalSection
	GlobalSection(SolutionProperties) = preSolution
		HideSolutionNode = FALSE
	EndGlobalSection
	GlobalSection(ExtensibilityGlobals) = postSolution
		SolutionGuid = {3F4E1E5F-73CB-437E-8853-88D616B02FF2}
	EndGlobalSection
EndGlobal
